
Microsoft Visual Studio Solution File, Format Version 12.00
# Visual Studio Version 17
VisualStudioVersion = 17.13.35825.156
MinimumVisualStudioVersion = 10.0.40219.1
Project("{FAE04EC0-301F-11D3-BF4B-00C04F79EFBC}") = "JSVaporizer.NET.8", "JSVaporizer.NET.8\JSVaporizer.NET.8.csproj", "{A8F80DBC-7829-297E-1467-273C9E06E58D}"
EndProject
Project("{FAE04EC0-301F-11D3-BF4B-00C04F79EFBC}") = "MyTransformerLib", "MyTransformerLib\MyTransformerLib.csproj", "{C32A5E19-3E51-6775-B443-C541CAB3C602}"
EndProject
Project("{FAE04EC0-301F-11D3-BF4B-00C04F79EFBC}") = "RazorPagesExampleUsage", "RazorPagesExampleUsage\RazorPagesExampleUsage.csproj", "{3DDFCF76-CBFF-2627-1422-C242C2EF608F}"
EndProject
Project("{FAE04EC0-301F-11D3-BF4B-00C04F79EFBC}") = "MyComponentLib", "MyComponentLib\MyComponentLib.csproj", "{15DD9EF4-C01E-485C-7615-F56F3A8CF197}"
EndProject
Global
	GlobalSection(SolutionConfigurationPlatforms) = preSolution
		Debug|Any CPU = Debug|Any CPU
		Release|Any CPU = Release|Any CPU
	EndGlobalSection
	GlobalSection(ProjectConfigurationPlatforms) = postSolution
		{A8F80DBC-7829-297E-1467-273C9E06E58D}.Debug|Any CPU.ActiveCfg = Debug|Any CPU
		{A8F80DBC-7829-297E-1467-273C9E06E58D}.Debug|Any CPU.Build.0 = Debug|Any CPU
		{A8F80DBC-7829-297E-1467-273C9E06E58D}.Release|Any CPU.ActiveCfg = Release|Any CPU
		{A8F80DBC-7829-297E-1467-273C9E06E58D}.Release|Any CPU.Build.0 = Release|Any CPU
		{C32A5E19-3E51-6775-B443-C541CAB3C602}.Debug|Any CPU.ActiveCfg = Debug|Any CPU
		{C32A5E19-3E51-6775-B443-C541CAB3C602}.Debug|Any CPU.Build.0 = Debug|Any CPU
		{C32A5E19-3E51-6775-B443-C541CAB3C602}.Release|Any CPU.ActiveCfg = Release|Any CPU
		{C32A5E19-3E51-6775-B443-C541CAB3C602}.Release|Any CPU.Build.0 = Release|Any CPU
		{3DDFCF76-CBFF-2627-1422-C242C2EF608F}.Debug|Any CPU.ActiveCfg = Debug|Any CPU
		{3DDFCF76-CBFF-2627-1422-C242C2EF608F}.Debug|Any CPU.Build.0 = Debug|Any CPU
		{3DDFCF76-CBFF-2627-1422-C242C2EF608F}.Release|Any CPU.ActiveCfg = Release|Any CPU
		{3DDFCF76-CBFF-2627-1422-C242C2EF608F}.Release|Any CPU.Build.0 = Release|Any CPU
		{15DD9EF4-C01E-485C-7615-F56F3A8CF197}.Debug|Any CPU.ActiveCfg = Debug|Any CPU
		{15DD9EF4-C01E-485C-7615-F56F3A8CF197}.Debug|Any CPU.Build.0 = Debug|Any CPU
		{15DD9EF4-C01E-485C-7615-F56F3A8CF197}.Release|Any CPU.ActiveCfg = Release|Any CPU
		{15DD9EF4-C01E-485C-7615-F56F3A8CF197}.Release|Any CPU.Build.0 = Release|Any CPU
	EndGlobalSection
	GlobalSection(SolutionProperties) = preSolution
		HideSolutionNode = FALSE
	EndGlobalSection
	GlobalSection(ExtensibilityGlobals) = postSolution
		SolutionGuid = {A8B99ED7-7684-492E-9848-A9E8685BB614}
	EndGlobalSection
EndGlobal
